
Microsoft Visual Studio Solution File, Format Version 12.00
# Visual Studio Version 16
VisualStudioVersion = 16.0.29709.97
MinimumVisualStudioVersion = 10.0.40219.1
Project("{9A19103F-16F7-4668-BE54-9A1E7A4F7556}") = "ConsoleApp.Hangfire", "ConsoleApp.Hangfire\ConsoleApp.Hangfire.csproj", "{81EF34AC-54FB-46AA-BA5B-E12D09CDD059}"
EndProject
Project("{FAE04EC0-301F-11D3-BF4B-00C04F79EFBC}") = "TaskRunner", "TaskRunner\TaskRunner.csproj", "{4DAED0BF-0A6F-43C5-BA91-2BE1BCC63365}"
EndProject
Global
	GlobalSection(SolutionConfigurationPlatforms) = preSolution
		Debug|Any CPU = Debug|Any CPU
		Release|Any CPU = Release|Any CPU
	EndGlobalSection
	GlobalSection(ProjectConfigurationPlatforms) = postSolution
		{81EF34AC-54FB-46AA-BA5B-E12D09CDD059}.Debug|Any CPU.ActiveCfg = Debug|Any CPU
		{81EF34AC-54FB-46AA-BA5B-E12D09CDD059}.Debug|Any CPU.Build.0 = Debug|Any CPU
		{81EF34AC-54FB-46AA-BA5B-E12D09CDD059}.Release|Any CPU.ActiveCfg = Release|Any CPU
		{81EF34AC-54FB-46AA-BA5B-E12D09CDD059}.Release|Any CPU.Build.0 = Release|Any CPU
		{4DAED0BF-0A6F-43C5-BA91-2BE1BCC63365}.Debug|Any CPU.ActiveCfg = Debug|Any CPU
		{4DAED0BF-0A6F-43C5-BA91-2BE1BCC63365}.Debug|Any CPU.Build.0 = Debug|Any CPU
		{4DAED0BF-0A6F-43C5-BA91-2BE1BCC63365}.Release|Any CPU.ActiveCfg = Release|Any CPU
		{4DAED0BF-0A6F-43C5-BA91-2BE1BCC63365}.Release|Any CPU.Build.0 = Release|Any CPU
	EndGlobalSection
	GlobalSection(SolutionProperties) = preSolution
		HideSolutionNode = FALSE
	EndGlobalSection
	GlobalSection(ExtensibilityGlobals) = postSolution
		SolutionGuid = {14165D5A-479B-4AD9-BD38-705F5330341B}
	EndGlobalSection
EndGlobal
